# This file is automatically @generated by Cargo.
# It is not intended for manual editing.
version = 4

[[package]]
name = "module_1_soil_sensor_acquisition_and_validation"
version = "0.1.0"

[[package]]
name = "module_2_iot_communication_edge_processing_and_user_management"
version = "0.1.0"

[[package]]
name = "module_3_soil_data_platform_and_visualization"
version = "0.1.0"

[[package]]
name = "module_4_soil_analytics_and_decision_support"
version = "0.1.0"

[[package]]
name = "module_5_plant_specific_expert_system"
version = "0.1.0"

[[package]]
name = "module_6_plugin_framework_and_extensibility"
version = "0.1.0"

[[package]]
name = "smart_soil_orchestrator"
version = "0.1.0"
dependencies = [
 "module_1_soil_sensor_acquisition_and_validation",
 "module_2_iot_communication_edge_processing_and_user_management",
 "module_3_soil_data_platform_and_visualization",
 "module_4_soil_analytics_and_decision_support",
 "module_5_plant_specific_expert_system",
 "module_6_plugin_framework_and_extensibility",
]
